
Microsoft Visual Studio Solution File, Format Version 12.00
# Visual Studio Version 16
VisualStudioVersion = 25.0.1706.5
MinimumVisualStudioVersion = 10.0.40219.1
Project("{FAE04EC0-301F-11D3-BF4B-00C04F79EFBC}") = "LawnMowerRental", "LawnMowerRental\LawnMowerRental.csproj", "{9883A7C5-FE99-4934-90F6-3FB1A9092727}"
EndProject
Global
	GlobalSection(SolutionConfigurationPlatforms) = preSolution
		Debug|Any CPU = Debug|Any CPU
		Release|Any CPU = Release|Any CPU
	EndGlobalSection
	GlobalSection(ProjectConfigurationPlatforms) = postSolution
		{9883A7C5-FE99-4934-90F6-3FB1A9092727}.Debug|Any CPU.ActiveCfg = Debug|Any CPU
		{9883A7C5-FE99-4934-90F6-3FB1A9092727}.Debug|Any CPU.Build.0 = Debug|Any CPU
		{9883A7C5-FE99-4934-90F6-3FB1A9092727}.Release|Any CPU.ActiveCfg = Release|Any CPU
		{9883A7C5-FE99-4934-90F6-3FB1A9092727}.Release|Any CPU.Build.0 = Release|Any CPU
	EndGlobalSection
	GlobalSection(SolutionProperties) = preSolution
		HideSolutionNode = FALSE
	EndGlobalSection
	GlobalSection(ExtensibilityGlobals) = postSolution
		SolutionGuid = {8B7D550D-06A1-46A5-8AB4-0A7E111196BD}
	EndGlobalSection
EndGlobal
