
Microsoft Visual Studio Solution File, Format Version 12.00
# Visual Studio Version 16
VisualStudioVersion = 25.0.1706.5
MinimumVisualStudioVersion = 10.0.40219.1
Project("{FAE04EC0-301F-11D3-BF4B-00C04F79EFBC}") = "TotalPricePossibleSolution", "TotalPricePossibleSolution\TotalPricePossibleSolution.csproj", "{7BC87F5B-6BDC-47FB-A929-D8BB15FFA515}"
EndProject
Global
	GlobalSection(SolutionConfigurationPlatforms) = preSolution
		Debug|Any CPU = Debug|Any CPU
		Release|Any CPU = Release|Any CPU
	EndGlobalSection
	GlobalSection(ProjectConfigurationPlatforms) = postSolution
		{7BC87F5B-6BDC-47FB-A929-D8BB15FFA515}.Debug|Any CPU.ActiveCfg = Debug|Any CPU
		{7BC87F5B-6BDC-47FB-A929-D8BB15FFA515}.Debug|Any CPU.Build.0 = Debug|Any CPU
		{7BC87F5B-6BDC-47FB-A929-D8BB15FFA515}.Release|Any CPU.ActiveCfg = Release|Any CPU
		{7BC87F5B-6BDC-47FB-A929-D8BB15FFA515}.Release|Any CPU.Build.0 = Release|Any CPU
	EndGlobalSection
	GlobalSection(SolutionProperties) = preSolution
		HideSolutionNode = FALSE
	EndGlobalSection
	GlobalSection(ExtensibilityGlobals) = postSolution
		SolutionGuid = {EDE1E3F4-CB10-438A-B4D8-2D644FC93225}
	EndGlobalSection
EndGlobal
