
Microsoft Visual Studio Solution File, Format Version 12.00
# Visual Studio Version 16
VisualStudioVersion = 25.0.1706.5
MinimumVisualStudioVersion = 10.0.40219.1
Project("{FAE04EC0-301F-11D3-BF4B-00C04F79EFBC}") = "SearchFunctionUsingID", "SearchFunctionUsingID\SearchFunctionUsingID.csproj", "{8C34D5C4-4B5E-4DEB-B16F-8282242066BC}"
EndProject
Global
	GlobalSection(SolutionConfigurationPlatforms) = preSolution
		Debug|Any CPU = Debug|Any CPU
		Release|Any CPU = Release|Any CPU
	EndGlobalSection
	GlobalSection(ProjectConfigurationPlatforms) = postSolution
		{8C34D5C4-4B5E-4DEB-B16F-8282242066BC}.Debug|Any CPU.ActiveCfg = Debug|Any CPU
		{8C34D5C4-4B5E-4DEB-B16F-8282242066BC}.Debug|Any CPU.Build.0 = Debug|Any CPU
		{8C34D5C4-4B5E-4DEB-B16F-8282242066BC}.Release|Any CPU.ActiveCfg = Release|Any CPU
		{8C34D5C4-4B5E-4DEB-B16F-8282242066BC}.Release|Any CPU.Build.0 = Release|Any CPU
	EndGlobalSection
	GlobalSection(SolutionProperties) = preSolution
		HideSolutionNode = FALSE
	EndGlobalSection
	GlobalSection(ExtensibilityGlobals) = postSolution
		SolutionGuid = {5D300F0F-2B67-4BCD-8C12-EB812E6421E4}
	EndGlobalSection
EndGlobal
